// !$*UTF8*$!
{
	archiveVersion = 1;
	classes = {
	};
	objectVersion = 46;
	objects = {

/* Begin PBXBuildFile section */
		1825954A1E33660800481B37 /* EnemyMissleController.swift in Sources */ = {isa = PBXBuildFile; fileRef = 182595491E33660800481B37 /* EnemyMissleController.swift */; };
		18B12BED1E33A84A007721FB /* enemy_explosion.sks in Resources */ = {isa = PBXBuildFile; fileRef = 18B12BEB1E33A84A007721FB /* enemy_explosion.sks */; };
		18B12BF01E33AADE007721FB /* ExplosionController.swift in Sources */ = {isa = PBXBuildFile; fileRef = 18B12BEF1E33AADE007721FB /* ExplosionController.swift */; };
		18B12BF31E33CACF007721FB /* missle_trail.sks in Resources */ = {isa = PBXBuildFile; fileRef = 18B12BF21E33CACF007721FB /* missle_trail.sks */; };
		18B12BF51E33CAEF007721FB /* missle_explosion.sks in Resources */ = {isa = PBXBuildFile; fileRef = 18B12BF41E33CAEF007721FB /* missle_explosion.sks */; };
		18B12BF71E33DD80007721FB /* SonicWallController.swift in Sources */ = {isa = PBXBuildFile; fileRef = 18B12BF61E33DD80007721FB /* SonicWallController.swift */; };
		18B12BFB1E33FE2C007721FB /* lazer.mp3 in Resources */ = {isa = PBXBuildFile; fileRef = 18B12BFA1E33FE2C007721FB /* lazer.mp3 */; };
		18B12BFD1E340119007721FB /* explosion.mp3 in Resources */ = {isa = PBXBuildFile; fileRef = 18B12BFC1E340119007721FB /* explosion.mp3 */; };
		18C03EB01E34059D007944BE /* player_scream.mp3 in Resources */ = {isa = PBXBuildFile; fileRef = 18C03EAF1E34059D007944BE /* player_scream.mp3 */; };
		18C03EB21E341F36007944BE /* light.json in Resources */ = {isa = PBXBuildFile; fileRef = 18C03EB11E341F36007944BE /* light.json */; };
		18C03EB41E341FA1007944BE /* LightController.swift in Sources */ = {isa = PBXBuildFile; fileRef = 18C03EB31E341FA1007944BE /* LightController.swift */; };
		18C03EB61E342BA2007944BE /* powerup.wav in Resources */ = {isa = PBXBuildFile; fileRef = 18C03EB51E342BA2007944BE /* powerup.wav */; };
		18C03EB81E342C9A007944BE /* gravity_pull.wav in Resources */ = {isa = PBXBuildFile; fileRef = 18C03EB71E342C9A007944BE /* gravity_pull.wav */; };
		30106198D306146C017C546F /* Pods_Wave_Runner.framework in Frameworks */ = {isa = PBXBuildFile; fileRef = 558FE0BD98FE42AEB7C5C6C7 /* Pods_Wave_Runner.framework */; };
		500C0E1C1E325B5800FCF079 /* AppDelegate.swift in Sources */ = {isa = PBXBuildFile; fileRef = 500C0E1B1E325B5800FCF079 /* AppDelegate.swift */; };
		500C0E1E1E325B5800FCF079 /* GameScene.sks in Resources */ = {isa = PBXBuildFile; fileRef = 500C0E1D1E325B5800FCF079 /* GameScene.sks */; };
		500C0E221E325B5800FCF079 /* GameScene.swift in Sources */ = {isa = PBXBuildFile; fileRef = 500C0E211E325B5800FCF079 /* GameScene.swift */; };
		500C0E241E325B5800FCF079 /* GameViewController.swift in Sources */ = {isa = PBXBuildFile; fileRef = 500C0E231E325B5800FCF079 /* GameViewController.swift */; };
		500C0E291E325B5800FCF079 /* Assets.xcassets in Resources */ = {isa = PBXBuildFile; fileRef = 500C0E281E325B5800FCF079 /* Assets.xcassets */; };
		500C0E2C1E325B5800FCF079 /* LaunchScreen.storyboard in Resources */ = {isa = PBXBuildFile; fileRef = 500C0E2A1E325B5800FCF079 /* LaunchScreen.storyboard */; };
		500C0E501E326BBD00FCF079 /* CGFloat.swift in Sources */ = {isa = PBXBuildFile; fileRef = 500C0E351E326BBD00FCF079 /* CGFloat.swift */; };
		500C0E511E326BBD00FCF079 /* CGPoint.swift in Sources */ = {isa = PBXBuildFile; fileRef = 500C0E361E326BBD00FCF079 /* CGPoint.swift */; };
		500C0E521E326BBD00FCF079 /* CGRect.swift in Sources */ = {isa = PBXBuildFile; fileRef = 500C0E371E326BBD00FCF079 /* CGRect.swift */; };
		500C0E531E326BBD00FCF079 /* CGSize.swift in Sources */ = {isa = PBXBuildFile; fileRef = 500C0E381E326BBD00FCF079 /* CGSize.swift */; };
		500C0E541E326BBD00FCF079 /* CGVector.swift in Sources */ = {isa = PBXBuildFile; fileRef = 500C0E391E326BBD00FCF079 /* CGVector.swift */; };
		500C0E551E326BBD00FCF079 /* GKGraphNode2D.swift in Sources */ = {isa = PBXBuildFile; fileRef = 500C0E3B1E326BBD00FCF079 /* GKGraphNode2D.swift */; };
		500C0E571E326BBE00FCF079 /* SKNode.swift in Sources */ = {isa = PBXBuildFile; fileRef = 500C0E3E1E326BBD00FCF079 /* SKNode.swift */; };
		500C0E581E326BBE00FCF079 /* SKSpriteNode.swift in Sources */ = {isa = PBXBuildFile; fileRef = 500C0E3F1E326BBD00FCF079 /* SKSpriteNode.swift */; };
		500C0E591E326BBE00FCF079 /* SKTextureAtlas.swift in Sources */ = {isa = PBXBuildFile; fileRef = 500C0E401E326BBD00FCF079 /* SKTextureAtlas.swift */; };
		500C0E5A1E326BBE00FCF079 /* Configuration.swift in Sources */ = {isa = PBXBuildFile; fileRef = 500C0E421E326BBD00FCF079 /* Configuration.swift */; };
		500C0E5B1E326BBE00FCF079 /* TouchView.swift in Sources */ = {isa = PBXBuildFile; fileRef = 500C0E431E326BBD00FCF079 /* TouchView.swift */; };
		500C0E5C1E326BBE00FCF079 /* UIWindow+Swizzle.swift in Sources */ = {isa = PBXBuildFile; fileRef = 500C0E451E326BBD00FCF079 /* UIWindow+Swizzle.swift */; };
		500C0E5D1E326BBE00FCF079 /* Visualizer.swift in Sources */ = {isa = PBXBuildFile; fileRef = 500C0E461E326BBD00FCF079 /* Visualizer.swift */; };
		500C0E5E1E326BBE00FCF079 /* GifUIImageView.swift in Sources */ = {isa = PBXBuildFile; fileRef = 500C0E481E326BBD00FCF079 /* GifUIImageView.swift */; };
		500C0E5F1E326BBE00FCF079 /* UIButton.swift in Sources */ = {isa = PBXBuildFile; fileRef = 500C0E491E326BBD00FCF079 /* UIButton.swift */; };
		500C0E601E326BBE00FCF079 /* UIColor.swift in Sources */ = {isa = PBXBuildFile; fileRef = 500C0E4A1E326BBD00FCF079 /* UIColor.swift */; };
		500C0E611E326BBE00FCF079 /* UIColorExtension.swift in Sources */ = {isa = PBXBuildFile; fileRef = 500C0E4B1E326BBD00FCF079 /* UIColorExtension.swift */; };
		500C0E621E326BBE00FCF079 /* UIImage.swift in Sources */ = {isa = PBXBuildFile; fileRef = 500C0E4C1E326BBD00FCF079 /* UIImage.swift */; };
		500C0E631E326BBE00FCF079 /* UIImageView.swift in Sources */ = {isa = PBXBuildFile; fileRef = 500C0E4D1E326BBD00FCF079 /* UIImageView.swift */; };
		500C0E641E326BBE00FCF079 /* UIView.swift in Sources */ = {isa = PBXBuildFile; fileRef = 500C0E4E1E326BBD00FCF079 /* UIView.swift */; };
		504B965C1E33848B000110C2 /* LaserSkill.swift in Sources */ = {isa = PBXBuildFile; fileRef = 504B96591E33848B000110C2 /* LaserSkill.swift */; };
		504B965D1E33848B000110C2 /* PlayerController.swift in Sources */ = {isa = PBXBuildFile; fileRef = 504B965A1E33848B000110C2 /* PlayerController.swift */; };
		504B96651E3384AF000110C2 /* BackgroundController.swift in Sources */ = {isa = PBXBuildFile; fileRef = 504B965F1E3384AF000110C2 /* BackgroundController.swift */; };
		504B96661E3384AF000110C2 /* BackgroundSoundController.swift in Sources */ = {isa = PBXBuildFile; fileRef = 504B96601E3384AF000110C2 /* BackgroundSoundController.swift */; };
		504B96671E3384AF000110C2 /* Controller.swift in Sources */ = {isa = PBXBuildFile; fileRef = 504B96611E3384AF000110C2 /* Controller.swift */; };
		504B96691E3384AF000110C2 /* PlatformController.swift in Sources */ = {isa = PBXBuildFile; fileRef = 504B96631E3384AF000110C2 /* PlatformController.swift */; };
		504B966A1E3384AF000110C2 /* SingleController.swift in Sources */ = {isa = PBXBuildFile; fileRef = 504B96641E3384AF000110C2 /* SingleController.swift */; };
		504B966C1E338A3C000110C2 /* SonicSkill.swift in Sources */ = {isa = PBXBuildFile; fileRef = 504B966B1E338A3C000110C2 /* SonicSkill.swift */; };
		504B966E1E338B46000110C2 /* GravitySkill.swift in Sources */ = {isa = PBXBuildFile; fileRef = 504B966D1E338B46000110C2 /* GravitySkill.swift */; };
		504B96701E33A218000110C2 /* LabelsController.swift in Sources */ = {isa = PBXBuildFile; fileRef = 504B966F1E33A218000110C2 /* LabelsController.swift */; };
		504B96721E33B6F1000110C2 /* gameover.ttf in Resources */ = {isa = PBXBuildFile; fileRef = 504B96711E33B5BD000110C2 /* gameover.ttf */; };
		5066E86F1E32CF5F009771B6 /* Constants.swift in Sources */ = {isa = PBXBuildFile; fileRef = 5066E85B1E32CF5F009771B6 /* Constants.swift */; };
		5066E8721E32CF5F009771B6 /* EnemyController.swift in Sources */ = {isa = PBXBuildFile; fileRef = 5066E8601E32CF5F009771B6 /* EnemyController.swift */; };
		5066E8731E32CF5F009771B6 /* EnemyControllerGenerator.swift in Sources */ = {isa = PBXBuildFile; fileRef = 5066E8611E32CF5F009771B6 /* EnemyControllerGenerator.swift */; };
		5066E8741E32CF5F009771B6 /* EnemyControllerManager.swift in Sources */ = {isa = PBXBuildFile; fileRef = 5066E8621E32CF5F009771B6 /* EnemyControllerManager.swift */; };
		5066E8791E32CF5F009771B6 /* WaveController.swift in Sources */ = {isa = PBXBuildFile; fileRef = 5066E8681E32CF5F009771B6 /* WaveController.swift */; };
		5066E87A1E32CF5F009771B6 /* stage1.json in Resources */ = {isa = PBXBuildFile; fileRef = 5066E86A1E32CF5F009771B6 /* stage1.json */; };
		5066E87C1E32CF5F009771B6 /* background.mp3 in Resources */ = {isa = PBXBuildFile; fileRef = 5066E86E1E32CF5F009771B6 /* background.mp3 */; };
		5066E87E1E32CF75009771B6 /* View.swift in Sources */ = {isa = PBXBuildFile; fileRef = 5066E87D1E32CF75009771B6 /* View.swift */; };
		5066E8A01E32E06E009771B6 /* Gestures.json in Resources */ = {isa = PBXBuildFile; fileRef = 5066E89F1E32E06E009771B6 /* Gestures.json */; };
		5075C6B31E33D37E00B5B3B5 /* GravityEmmiter.sks in Resources */ = {isa = PBXBuildFile; fileRef = 5075C6B11E33D37E00B5B3B5 /* GravityEmmiter.sks */; };
		5075C6B61E33DD7E00B5B3B5 /* ShieldSkill.swift in Sources */ = {isa = PBXBuildFile; fileRef = 5075C6B51E33DD7E00B5B3B5 /* ShieldSkill.swift */; };
		5075C6B91E33E33600B5B3B5 /* ShieldEmitter.sks in Resources */ = {isa = PBXBuildFile; fileRef = 5075C6B71E33E33600B5B3B5 /* ShieldEmitter.sks */; };
		5075C6BC1E34071D00B5B3B5 /* GameOverScene.sks in Resources */ = {isa = PBXBuildFile; fileRef = 5075C6BB1E34071D00B5B3B5 /* GameOverScene.sks */; };
		5075C6BE1E34073600B5B3B5 /* GameOverScene.swift in Sources */ = {isa = PBXBuildFile; fileRef = 5075C6BD1E34073600B5B3B5 /* GameOverScene.swift */; };
		5075C6C01E340E0100B5B3B5 /* VictoryScene.sks in Resources */ = {isa = PBXBuildFile; fileRef = 5075C6BF1E340E0100B5B3B5 /* VictoryScene.sks */; };
		5075C6C21E340E0C00B5B3B5 /* VictoryScene.swift in Sources */ = {isa = PBXBuildFile; fileRef = 5075C6C11E340E0C00B5B3B5 /* VictoryScene.swift */; };
		5075C6C41E3412F100B5B3B5 /* sonic_sound.wav in Resources */ = {isa = PBXBuildFile; fileRef = 5075C6C31E3412F100B5B3B5 /* sonic_sound.wav */; };
		E13AC25B1E34324A0081687D /* Main.storyboard in Resources */ = {isa = PBXBuildFile; fileRef = E13AC25A1E34324A0081687D /* Main.storyboard */; };
		E13AC2611E34326B0081687D /* DetailViewController.swift in Sources */ = {isa = PBXBuildFile; fileRef = E13AC25D1E34326B0081687D /* DetailViewController.swift */; };
		E13AC2621E34326B0081687D /* HelpViewController.swift in Sources */ = {isa = PBXBuildFile; fileRef = E13AC25E1E34326B0081687D /* HelpViewController.swift */; };
		E13AC2631E34326B0081687D /* IntroPageViewController.swift in Sources */ = {isa = PBXBuildFile; fileRef = E13AC25F1E34326B0081687D /* IntroPageViewController.swift */; };
		E13AC2641E34326B0081687D /* TransitionAnimation.swift in Sources */ = {isa = PBXBuildFile; fileRef = E13AC2601E34326B0081687D /* TransitionAnimation.swift */; };
/* End PBXBuildFile section */

/* Begin PBXFileReference section */
		182595491E33660800481B37 /* EnemyMissleController.swift */ = {isa = PBXFileReference; fileEncoding = 4; lastKnownFileType = sourcecode.swift; name = EnemyMissleController.swift; path = EnemyBullets/EnemyMissleController.swift; sourceTree = "<group>"; };
		18B12BEB1E33A84A007721FB /* enemy_explosion.sks */ = {isa = PBXFileReference; lastKnownFileType = file.sks; name = enemy_explosion.sks; path = Emitters/enemy_explosion.sks; sourceTree = "<group>"; };
		18B12BEF1E33AADE007721FB /* ExplosionController.swift */ = {isa = PBXFileReference; fileEncoding = 4; lastKnownFileType = sourcecode.swift; path = ExplosionController.swift; sourceTree = "<group>"; };
		18B12BF21E33CACF007721FB /* missle_trail.sks */ = {isa = PBXFileReference; lastKnownFileType = file.sks; name = missle_trail.sks; path = Emitters/missle_trail.sks; sourceTree = "<group>"; };
		18B12BF41E33CAEF007721FB /* missle_explosion.sks */ = {isa = PBXFileReference; lastKnownFileType = file.sks; name = missle_explosion.sks; path = Emitters/missle_explosion.sks; sourceTree = "<group>"; };
		18B12BF61E33DD80007721FB /* SonicWallController.swift */ = {isa = PBXFileReference; fileEncoding = 4; lastKnownFileType = sourcecode.swift; path = SonicWallController.swift; sourceTree = "<group>"; };
		18B12BFA1E33FE2C007721FB /* lazer.mp3 */ = {isa = PBXFileReference; lastKnownFileType = audio.mp3; path = lazer.mp3; sourceTree = "<group>"; };
		18B12BFC1E340119007721FB /* explosion.mp3 */ = {isa = PBXFileReference; lastKnownFileType = audio.mp3; path = explosion.mp3; sourceTree = "<group>"; };
		18C03EAF1E34059D007944BE /* player_scream.mp3 */ = {isa = PBXFileReference; lastKnownFileType = audio.mp3; path = player_scream.mp3; sourceTree = "<group>"; };
		18C03EB11E341F36007944BE /* light.json */ = {isa = PBXFileReference; fileEncoding = 4; lastKnownFileType = text.json; path = light.json; sourceTree = "<group>"; };
		18C03EB31E341FA1007944BE /* LightController.swift */ = {isa = PBXFileReference; fileEncoding = 4; lastKnownFileType = sourcecode.swift; path = LightController.swift; sourceTree = "<group>"; };
		18C03EB51E342BA2007944BE /* powerup.wav */ = {isa = PBXFileReference; lastKnownFileType = audio.wav; path = powerup.wav; sourceTree = "<group>"; };
		18C03EB71E342C9A007944BE /* gravity_pull.wav */ = {isa = PBXFileReference; lastKnownFileType = audio.wav; path = gravity_pull.wav; sourceTree = "<group>"; };
		500C0E181E325B5800FCF079 /* Wave Runner.app */ = {isa = PBXFileReference; explicitFileType = wrapper.application; includeInIndex = 0; path = "Wave Runner.app"; sourceTree = BUILT_PRODUCTS_DIR; };
		500C0E1B1E325B5800FCF079 /* AppDelegate.swift */ = {isa = PBXFileReference; lastKnownFileType = sourcecode.swift; path = AppDelegate.swift; sourceTree = "<group>"; };
		500C0E1D1E325B5800FCF079 /* GameScene.sks */ = {isa = PBXFileReference; lastKnownFileType = file.sks; path = GameScene.sks; sourceTree = "<group>"; };
		500C0E211E325B5800FCF079 /* GameScene.swift */ = {isa = PBXFileReference; lastKnownFileType = sourcecode.swift; path = GameScene.swift; sourceTree = "<group>"; };
		500C0E231E325B5800FCF079 /* GameViewController.swift */ = {isa = PBXFileReference; lastKnownFileType = sourcecode.swift; path = GameViewController.swift; sourceTree = "<group>"; };
		500C0E281E325B5800FCF079 /* Assets.xcassets */ = {isa = PBXFileReference; lastKnownFileType = folder.assetcatalog; path = Assets.xcassets; sourceTree = "<group>"; };
		500C0E2B1E325B5800FCF079 /* Base */ = {isa = PBXFileReference; lastKnownFileType = file.storyboard; name = Base; path = Base.lproj/LaunchScreen.storyboard; sourceTree = "<group>"; };
		500C0E2D1E325B5800FCF079 /* Info.plist */ = {isa = PBXFileReference; lastKnownFileType = text.plist.xml; path = Info.plist; sourceTree = "<group>"; };
		500C0E351E326BBD00FCF079 /* CGFloat.swift */ = {isa = PBXFileReference; fileEncoding = 4; lastKnownFileType = sourcecode.swift; path = CGFloat.swift; sourceTree = "<group>"; };
		500C0E361E326BBD00FCF079 /* CGPoint.swift */ = {isa = PBXFileReference; fileEncoding = 4; lastKnownFileType = sourcecode.swift; path = CGPoint.swift; sourceTree = "<group>"; };
		500C0E371E326BBD00FCF079 /* CGRect.swift */ = {isa = PBXFileReference; fileEncoding = 4; lastKnownFileType = sourcecode.swift; path = CGRect.swift; sourceTree = "<group>"; };
		500C0E381E326BBD00FCF079 /* CGSize.swift */ = {isa = PBXFileReference; fileEncoding = 4; lastKnownFileType = sourcecode.swift; path = CGSize.swift; sourceTree = "<group>"; };
		500C0E391E326BBD00FCF079 /* CGVector.swift */ = {isa = PBXFileReference; fileEncoding = 4; lastKnownFileType = sourcecode.swift; path = CGVector.swift; sourceTree = "<group>"; };
		500C0E3B1E326BBD00FCF079 /* GKGraphNode2D.swift */ = {isa = PBXFileReference; fileEncoding = 4; lastKnownFileType = sourcecode.swift; path = GKGraphNode2D.swift; sourceTree = "<group>"; };
		500C0E3E1E326BBD00FCF079 /* SKNode.swift */ = {isa = PBXFileReference; fileEncoding = 4; lastKnownFileType = sourcecode.swift; path = SKNode.swift; sourceTree = "<group>"; };
		500C0E3F1E326BBD00FCF079 /* SKSpriteNode.swift */ = {isa = PBXFileReference; fileEncoding = 4; lastKnownFileType = sourcecode.swift; path = SKSpriteNode.swift; sourceTree = "<group>"; };
		500C0E401E326BBD00FCF079 /* SKTextureAtlas.swift */ = {isa = PBXFileReference; fileEncoding = 4; lastKnownFileType = sourcecode.swift; path = SKTextureAtlas.swift; sourceTree = "<group>"; };
		500C0E421E326BBD00FCF079 /* Configuration.swift */ = {isa = PBXFileReference; fileEncoding = 4; lastKnownFileType = sourcecode.swift; path = Configuration.swift; sourceTree = "<group>"; };
		500C0E431E326BBD00FCF079 /* TouchView.swift */ = {isa = PBXFileReference; fileEncoding = 4; lastKnownFileType = sourcecode.swift; path = TouchView.swift; sourceTree = "<group>"; };
		500C0E441E326BBD00FCF079 /* TouchVisualizer.h */ = {isa = PBXFileReference; fileEncoding = 4; lastKnownFileType = sourcecode.c.h; path = TouchVisualizer.h; sourceTree = "<group>"; };
		500C0E451E326BBD00FCF079 /* UIWindow+Swizzle.swift */ = {isa = PBXFileReference; fileEncoding = 4; lastKnownFileType = sourcecode.swift; path = "UIWindow+Swizzle.swift"; sourceTree = "<group>"; };
		500C0E461E326BBD00FCF079 /* Visualizer.swift */ = {isa = PBXFileReference; fileEncoding = 4; lastKnownFileType = sourcecode.swift; path = Visualizer.swift; sourceTree = "<group>"; };
		500C0E481E326BBD00FCF079 /* GifUIImageView.swift */ = {isa = PBXFileReference; fileEncoding = 4; lastKnownFileType = sourcecode.swift; path = GifUIImageView.swift; sourceTree = "<group>"; };
		500C0E491E326BBD00FCF079 /* UIButton.swift */ = {isa = PBXFileReference; fileEncoding = 4; lastKnownFileType = sourcecode.swift; path = UIButton.swift; sourceTree = "<group>"; };
		500C0E4A1E326BBD00FCF079 /* UIColor.swift */ = {isa = PBXFileReference; fileEncoding = 4; lastKnownFileType = sourcecode.swift; path = UIColor.swift; sourceTree = "<group>"; };
		500C0E4B1E326BBD00FCF079 /* UIColorExtension.swift */ = {isa = PBXFileReference; fileEncoding = 4; lastKnownFileType = sourcecode.swift; path = UIColorExtension.swift; sourceTree = "<group>"; };
		500C0E4C1E326BBD00FCF079 /* UIImage.swift */ = {isa = PBXFileReference; fileEncoding = 4; lastKnownFileType = sourcecode.swift; path = UIImage.swift; sourceTree = "<group>"; };
		500C0E4D1E326BBD00FCF079 /* UIImageView.swift */ = {isa = PBXFileReference; fileEncoding = 4; lastKnownFileType = sourcecode.swift; path = UIImageView.swift; sourceTree = "<group>"; };
		500C0E4E1E326BBD00FCF079 /* UIView.swift */ = {isa = PBXFileReference; fileEncoding = 4; lastKnownFileType = sourcecode.swift; path = UIView.swift; sourceTree = "<group>"; };
		504B96591E33848B000110C2 /* LaserSkill.swift */ = {isa = PBXFileReference; fileEncoding = 4; lastKnownFileType = sourcecode.swift; path = LaserSkill.swift; sourceTree = "<group>"; };
		504B965A1E33848B000110C2 /* PlayerController.swift */ = {isa = PBXFileReference; fileEncoding = 4; lastKnownFileType = sourcecode.swift; path = PlayerController.swift; sourceTree = "<group>"; };
		504B965F1E3384AF000110C2 /* BackgroundController.swift */ = {isa = PBXFileReference; fileEncoding = 4; lastKnownFileType = sourcecode.swift; path = BackgroundController.swift; sourceTree = "<group>"; };
		504B96601E3384AF000110C2 /* BackgroundSoundController.swift */ = {isa = PBXFileReference; fileEncoding = 4; lastKnownFileType = sourcecode.swift; path = BackgroundSoundController.swift; sourceTree = "<group>"; };
		504B96611E3384AF000110C2 /* Controller.swift */ = {isa = PBXFileReference; fileEncoding = 4; lastKnownFileType = sourcecode.swift; path = Controller.swift; sourceTree = "<group>"; };
		504B96631E3384AF000110C2 /* PlatformController.swift */ = {isa = PBXFileReference; fileEncoding = 4; lastKnownFileType = sourcecode.swift; path = PlatformController.swift; sourceTree = "<group>"; };
		504B96641E3384AF000110C2 /* SingleController.swift */ = {isa = PBXFileReference; fileEncoding = 4; lastKnownFileType = sourcecode.swift; path = SingleController.swift; sourceTree = "<group>"; };
		504B966B1E338A3C000110C2 /* SonicSkill.swift */ = {isa = PBXFileReference; fileEncoding = 4; lastKnownFileType = sourcecode.swift; path = SonicSkill.swift; sourceTree = "<group>"; };
		504B966D1E338B46000110C2 /* GravitySkill.swift */ = {isa = PBXFileReference; fileEncoding = 4; lastKnownFileType = sourcecode.swift; path = GravitySkill.swift; sourceTree = "<group>"; };
		504B966F1E33A218000110C2 /* LabelsController.swift */ = {isa = PBXFileReference; fileEncoding = 4; lastKnownFileType = sourcecode.swift; path = LabelsController.swift; sourceTree = "<group>"; };
		504B96711E33B5BD000110C2 /* gameover.ttf */ = {isa = PBXFileReference; lastKnownFileType = file; path = gameover.ttf; sourceTree = "<group>"; };
		5066E85B1E32CF5F009771B6 /* Constants.swift */ = {isa = PBXFileReference; fileEncoding = 4; lastKnownFileType = sourcecode.swift; path = Constants.swift; sourceTree = "<group>"; };
		5066E8601E32CF5F009771B6 /* EnemyController.swift */ = {isa = PBXFileReference; fileEncoding = 4; lastKnownFileType = sourcecode.swift; path = EnemyController.swift; sourceTree = "<group>"; };
		5066E8611E32CF5F009771B6 /* EnemyControllerGenerator.swift */ = {isa = PBXFileReference; fileEncoding = 4; lastKnownFileType = sourcecode.swift; path = EnemyControllerGenerator.swift; sourceTree = "<group>"; };
		5066E8621E32CF5F009771B6 /* EnemyControllerManager.swift */ = {isa = PBXFileReference; fileEncoding = 4; lastKnownFileType = sourcecode.swift; path = EnemyControllerManager.swift; sourceTree = "<group>"; };
		5066E8681E32CF5F009771B6 /* WaveController.swift */ = {isa = PBXFileReference; fileEncoding = 4; lastKnownFileType = sourcecode.swift; path = WaveController.swift; sourceTree = "<group>"; };
		5066E86A1E32CF5F009771B6 /* stage1.json */ = {isa = PBXFileReference; fileEncoding = 4; lastKnownFileType = text.json; path = stage1.json; sourceTree = "<group>"; };
		5066E86E1E32CF5F009771B6 /* background.mp3 */ = {isa = PBXFileReference; lastKnownFileType = audio.mp3; path = background.mp3; sourceTree = "<group>"; };
		5066E87D1E32CF75009771B6 /* View.swift */ = {isa = PBXFileReference; fileEncoding = 4; lastKnownFileType = sourcecode.swift; path = View.swift; sourceTree = "<group>"; };
		5066E89F1E32E06E009771B6 /* Gestures.json */ = {isa = PBXFileReference; fileEncoding = 4; lastKnownFileType = text.json; path = Gestures.json; sourceTree = "<group>"; };
		5075C6B11E33D37E00B5B3B5 /* GravityEmmiter.sks */ = {isa = PBXFileReference; lastKnownFileType = file.sks; path = GravityEmmiter.sks; sourceTree = "<group>"; };
		5075C6B51E33DD7E00B5B3B5 /* ShieldSkill.swift */ = {isa = PBXFileReference; fileEncoding = 4; lastKnownFileType = sourcecode.swift; path = ShieldSkill.swift; sourceTree = "<group>"; };
		5075C6B71E33E33600B5B3B5 /* ShieldEmitter.sks */ = {isa = PBXFileReference; lastKnownFileType = file.sks; path = ShieldEmitter.sks; sourceTree = "<group>"; };
		5075C6BB1E34071D00B5B3B5 /* GameOverScene.sks */ = {isa = PBXFileReference; lastKnownFileType = file.sks; path = GameOverScene.sks; sourceTree = "<group>"; };
		5075C6BD1E34073600B5B3B5 /* GameOverScene.swift */ = {isa = PBXFileReference; fileEncoding = 4; lastKnownFileType = sourcecode.swift; path = GameOverScene.swift; sourceTree = "<group>"; };
		5075C6BF1E340E0100B5B3B5 /* VictoryScene.sks */ = {isa = PBXFileReference; lastKnownFileType = file.sks; path = VictoryScene.sks; sourceTree = "<group>"; };
		5075C6C11E340E0C00B5B3B5 /* VictoryScene.swift */ = {isa = PBXFileReference; fileEncoding = 4; lastKnownFileType = sourcecode.swift; path = VictoryScene.swift; sourceTree = "<group>"; };
		5075C6C31E3412F100B5B3B5 /* sonic_sound.wav */ = {isa = PBXFileReference; lastKnownFileType = audio.wav; path = sonic_sound.wav; sourceTree = "<group>"; };
		558FE0BD98FE42AEB7C5C6C7 /* Pods_Wave_Runner.framework */ = {isa = PBXFileReference; explicitFileType = wrapper.framework; includeInIndex = 0; path = Pods_Wave_Runner.framework; sourceTree = BUILT_PRODUCTS_DIR; };
		972D3FC7CC34502E45407B4F /* Pods-Wave Runner.release.xcconfig */ = {isa = PBXFileReference; includeInIndex = 1; lastKnownFileType = text.xcconfig; name = "Pods-Wave Runner.release.xcconfig"; path = "Pods/Target Support Files/Pods-Wave Runner/Pods-Wave Runner.release.xcconfig"; sourceTree = "<group>"; };
		A262C3DE2D62DC763A39A564 /* Pods-Wave Runner.debug.xcconfig */ = {isa = PBXFileReference; includeInIndex = 1; lastKnownFileType = text.xcconfig; name = "Pods-Wave Runner.debug.xcconfig"; path = "Pods/Target Support Files/Pods-Wave Runner/Pods-Wave Runner.debug.xcconfig"; sourceTree = "<group>"; };
		E13AC25A1E34324A0081687D /* Main.storyboard */ = {isa = PBXFileReference; fileEncoding = 4; lastKnownFileType = file.storyboard; path = Main.storyboard; sourceTree = "<group>"; };
		E13AC25D1E34326B0081687D /* DetailViewController.swift */ = {isa = PBXFileReference; fileEncoding = 4; lastKnownFileType = sourcecode.swift; path = DetailViewController.swift; sourceTree = "<group>"; };
		E13AC25E1E34326B0081687D /* HelpViewController.swift */ = {isa = PBXFileReference; fileEncoding = 4; lastKnownFileType = sourcecode.swift; path = HelpViewController.swift; sourceTree = "<group>"; };
		E13AC25F1E34326B0081687D /* IntroPageViewController.swift */ = {isa = PBXFileReference; fileEncoding = 4; lastKnownFileType = sourcecode.swift; path = IntroPageViewController.swift; sourceTree = "<group>"; };
		E13AC2601E34326B0081687D /* TransitionAnimation.swift */ = {isa = PBXFileReference; fileEncoding = 4; lastKnownFileType = sourcecode.swift; path = TransitionAnimation.swift; sourceTree = "<group>"; };
/* End PBXFileReference section */

/* Begin PBXFrameworksBuildPhase section */
		500C0E151E325B5700FCF079 /* Frameworks */ = {
			isa = PBXFrameworksBuildPhase;
			buildActionMask = 2147483647;
			files = (
				30106198D306146C017C546F /* Pods_Wave_Runner.framework in Frameworks */,
			);
			runOnlyForDeploymentPostprocessing = 0;
		};
/* End PBXFrameworksBuildPhase section */

/* Begin PBXGroup section */
		182595481E3365EC00481B37 /* EnemyMissles */ = {
			isa = PBXGroup;
			children = (
				182595491E33660800481B37 /* EnemyMissleController.swift */,
			);
			name = EnemyMissles;
			sourceTree = "<group>";
		};
		1825954B1E337ECE00481B37 /* Emitters */ = {
			isa = PBXGroup;
			children = (
				18B12BF41E33CAEF007721FB /* missle_explosion.sks */,
				18B12BF21E33CACF007721FB /* missle_trail.sks */,
				18B12BEB1E33A84A007721FB /* enemy_explosion.sks */,
			);
			name = Emitters;
			sourceTree = "<group>";
		};
		500C0E0F1E325B5700FCF079 = {
			isa = PBXGroup;
			children = (
				500C0E1A1E325B5800FCF079 /* Wave Runner */,
				500C0E191E325B5800FCF079 /* Products */,
				7003DB4BFA12155C505FCE82 /* Pods */,
				951B4BE05DB5306AB945D2AE /* Frameworks */,
			);
			sourceTree = "<group>";
		};
		500C0E191E325B5800FCF079 /* Products */ = {
			isa = PBXGroup;
			children = (
				500C0E181E325B5800FCF079 /* Wave Runner.app */,
			);
			name = Products;
			sourceTree = "<group>";
		};
		500C0E1A1E325B5800FCF079 /* Wave Runner */ = {
			isa = PBXGroup;
			children = (
				1825954B1E337ECE00481B37 /* Emitters */,
				5066E87D1E32CF75009771B6 /* View.swift */,
				5066E85A1E32CF5F009771B6 /* Constant */,
				5066E85C1E32CF5F009771B6 /* Controllers */,
				5066E8691E32CF5F009771B6 /* Data */,
				5066E86D1E32CF5F009771B6 /* Sounds */,
				504B96711E33B5BD000110C2 /* gameover.ttf */,
				500C0E1B1E325B5800FCF079 /* AppDelegate.swift */,
				500C0E1D1E325B5800FCF079 /* GameScene.sks */,
				500C0E211E325B5800FCF079 /* GameScene.swift */,
				5075C6BB1E34071D00B5B3B5 /* GameOverScene.sks */,
				5075C6BD1E34073600B5B3B5 /* GameOverScene.swift */,
				5075C6BF1E340E0100B5B3B5 /* VictoryScene.sks */,
				5075C6C11E340E0C00B5B3B5 /* VictoryScene.swift */,
				504B966F1E33A218000110C2 /* LabelsController.swift */,
				E13AC25A1E34324A0081687D /* Main.storyboard */,
				500C0E231E325B5800FCF079 /* GameViewController.swift */,
				500C0E281E325B5800FCF079 /* Assets.xcassets */,
				500C0E2A1E325B5800FCF079 /* LaunchScreen.storyboard */,
				500C0E2D1E325B5800FCF079 /* Info.plist */,
				500C0E331E326BBD00FCF079 /* Utils */,
			);
			path = "Wave Runner";
			sourceTree = "<group>";
		};
		500C0E331E326BBD00FCF079 /* Utils */ = {
			isa = PBXGroup;
			children = (
				500C0E341E326BBD00FCF079 /* CoreGraphics */,
				500C0E3A1E326BBD00FCF079 /* GameplayKit */,
				500C0E3D1E326BBD00FCF079 /* SpriteKit */,
				500C0E411E326BBD00FCF079 /* TouchVisualizer */,
				500C0E471E326BBD00FCF079 /* UIKit */,
			);
			path = Utils;
			sourceTree = "<group>";
		};
		500C0E341E326BBD00FCF079 /* CoreGraphics */ = {
			isa = PBXGroup;
			children = (
				500C0E351E326BBD00FCF079 /* CGFloat.swift */,
				500C0E361E326BBD00FCF079 /* CGPoint.swift */,
				500C0E371E326BBD00FCF079 /* CGRect.swift */,
				500C0E381E326BBD00FCF079 /* CGSize.swift */,
				500C0E391E326BBD00FCF079 /* CGVector.swift */,
			);
			path = CoreGraphics;
			sourceTree = "<group>";
		};
		500C0E3A1E326BBD00FCF079 /* GameplayKit */ = {
			isa = PBXGroup;
			children = (
				500C0E3B1E326BBD00FCF079 /* GKGraphNode2D.swift */,
			);
			path = GameplayKit;
			sourceTree = "<group>";
		};
		500C0E3D1E326BBD00FCF079 /* SpriteKit */ = {
			isa = PBXGroup;
			children = (
				500C0E3E1E326BBD00FCF079 /* SKNode.swift */,
				500C0E3F1E326BBD00FCF079 /* SKSpriteNode.swift */,
				500C0E401E326BBD00FCF079 /* SKTextureAtlas.swift */,
			);
			path = SpriteKit;
			sourceTree = "<group>";
		};
		500C0E411E326BBD00FCF079 /* TouchVisualizer */ = {
			isa = PBXGroup;
			children = (
				500C0E421E326BBD00FCF079 /* Configuration.swift */,
				500C0E431E326BBD00FCF079 /* TouchView.swift */,
				500C0E441E326BBD00FCF079 /* TouchVisualizer.h */,
				500C0E451E326BBD00FCF079 /* UIWindow+Swizzle.swift */,
				500C0E461E326BBD00FCF079 /* Visualizer.swift */,
			);
			path = TouchVisualizer;
			sourceTree = "<group>";
		};
		500C0E471E326BBD00FCF079 /* UIKit */ = {
			isa = PBXGroup;
			children = (
				500C0E481E326BBD00FCF079 /* GifUIImageView.swift */,
				500C0E491E326BBD00FCF079 /* UIButton.swift */,
				500C0E4A1E326BBD00FCF079 /* UIColor.swift */,
				500C0E4B1E326BBD00FCF079 /* UIColorExtension.swift */,
				500C0E4C1E326BBD00FCF079 /* UIImage.swift */,
				500C0E4D1E326BBD00FCF079 /* UIImageView.swift */,
				500C0E4E1E326BBD00FCF079 /* UIView.swift */,
			);
			path = UIKit;
			sourceTree = "<group>";
		};
		504B96571E33848B000110C2 /* Player */ = {
			isa = PBXGroup;
			children = (
				504B966D1E338B46000110C2 /* GravitySkill.swift */,
				5075C6B11E33D37E00B5B3B5 /* GravityEmmiter.sks */,
				504B96591E33848B000110C2 /* LaserSkill.swift */,
				504B966B1E338A3C000110C2 /* SonicSkill.swift */,
				504B965A1E33848B000110C2 /* PlayerController.swift */,
				5075C6B51E33DD7E00B5B3B5 /* ShieldSkill.swift */,
				5075C6B71E33E33600B5B3B5 /* ShieldEmitter.sks */,
				18C03EB31E341FA1007944BE /* LightController.swift */,
			);
			path = Player;
			sourceTree = "<group>";
		};
		504B965E1E3384AF000110C2 /* Other */ = {
			isa = PBXGroup;
			children = (
				504B965F1E3384AF000110C2 /* BackgroundController.swift */,
				504B96601E3384AF000110C2 /* BackgroundSoundController.swift */,
				504B96611E3384AF000110C2 /* Controller.swift */,
				504B96631E3384AF000110C2 /* PlatformController.swift */,
				504B96641E3384AF000110C2 /* SingleController.swift */,
				18B12BEF1E33AADE007721FB /* ExplosionController.swift */,
				18B12BF61E33DD80007721FB /* SonicWallController.swift */,
			);
			path = Other;
			sourceTree = "<group>";
		};
		5066E85A1E32CF5F009771B6 /* Constant */ = {
			isa = PBXGroup;
			children = (
				5066E85B1E32CF5F009771B6 /* Constants.swift */,
			);
			path = Constant;
			sourceTree = "<group>";
		};
		5066E85C1E32CF5F009771B6 /* Controllers */ = {
			isa = PBXGroup;
			children = (
				E13AC25C1E34326B0081687D /* Intro */,
				182595481E3365EC00481B37 /* EnemyMissles */,
				504B965E1E3384AF000110C2 /* Other */,
				5066E85F1E32CF5F009771B6 /* Enemies */,
				504B96571E33848B000110C2 /* Player */,
				5066E8671E32CF5F009771B6 /* Waves */,
			);
			path = Controllers;
			sourceTree = "<group>";
		};
		5066E85F1E32CF5F009771B6 /* Enemies */ = {
			isa = PBXGroup;
			children = (
				5066E8601E32CF5F009771B6 /* EnemyController.swift */,
				5066E8611E32CF5F009771B6 /* EnemyControllerGenerator.swift */,
				5066E8621E32CF5F009771B6 /* EnemyControllerManager.swift */,
			);
			path = Enemies;
			sourceTree = "<group>";
		};
		5066E8671E32CF5F009771B6 /* Waves */ = {
			isa = PBXGroup;
			children = (
				5066E8681E32CF5F009771B6 /* WaveController.swift */,
			);
			path = Waves;
			sourceTree = "<group>";
		};
		5066E8691E32CF5F009771B6 /* Data */ = {
			isa = PBXGroup;
			children = (
				5066E86A1E32CF5F009771B6 /* stage1.json */,
				5066E89F1E32E06E009771B6 /* Gestures.json */,
				18C03EB11E341F36007944BE /* light.json */,
			);
			path = Data;
			sourceTree = "<group>";
		};
		5066E86D1E32CF5F009771B6 /* Sounds */ = {
			isa = PBXGroup;
			children = (
				18C03EB71E342C9A007944BE /* gravity_pull.wav */,
				18C03EB51E342BA2007944BE /* powerup.wav */,
				18C03EAF1E34059D007944BE /* player_scream.mp3 */,
				18B12BFC1E340119007721FB /* explosion.mp3 */,
				18B12BFA1E33FE2C007721FB /* lazer.mp3 */,
				5066E86E1E32CF5F009771B6 /* background.mp3 */,
				5075C6C31E3412F100B5B3B5 /* sonic_sound.wav */,
			);
			path = Sounds;
			sourceTree = "<group>";
		};
		7003DB4BFA12155C505FCE82 /* Pods */ = {
			isa = PBXGroup;
			children = (
				A262C3DE2D62DC763A39A564 /* Pods-Wave Runner.debug.xcconfig */,
				972D3FC7CC34502E45407B4F /* Pods-Wave Runner.release.xcconfig */,
			);
			name = Pods;
			sourceTree = "<group>";
		};
		951B4BE05DB5306AB945D2AE /* Frameworks */ = {
			isa = PBXGroup;
			children = (
				558FE0BD98FE42AEB7C5C6C7 /* Pods_Wave_Runner.framework */,
			);
			name = Frameworks;
			sourceTree = "<group>";
		};
		E13AC25C1E34326B0081687D /* Intro */ = {
			isa = PBXGroup;
			children = (
				E13AC25D1E34326B0081687D /* DetailViewController.swift */,
				E13AC25E1E34326B0081687D /* HelpViewController.swift */,
				E13AC25F1E34326B0081687D /* IntroPageViewController.swift */,
				E13AC2601E34326B0081687D /* TransitionAnimation.swift */,
			);
			path = Intro;
			sourceTree = "<group>";
		};
/* End PBXGroup section */

/* Begin PBXNativeTarget section */
		500C0E171E325B5700FCF079 /* Wave Runner */ = {
			isa = PBXNativeTarget;
			buildConfigurationList = 500C0E301E325B5800FCF079 /* Build configuration list for PBXNativeTarget "Wave Runner" */;
			buildPhases = (
				B5127ABB830A06531DE0BEE4 /* [CP] Check Pods Manifest.lock */,
				500C0E141E325B5700FCF079 /* Sources */,
				500C0E151E325B5700FCF079 /* Frameworks */,
				500C0E161E325B5700FCF079 /* Resources */,
				D539E6BB91FEAEE9F1C0AEAC /* [CP] Embed Pods Frameworks */,
				CE07E8771FC07462A69EFE0A /* [CP] Copy Pods Resources */,
			);
			buildRules = (
			);
			dependencies = (
			);
			name = "Wave Runner";
			productName = "Wave Runner";
			productReference = 500C0E181E325B5800FCF079 /* Wave Runner.app */;
			productType = "com.apple.product-type.application";
		};
/* End PBXNativeTarget section */

/* Begin PBXProject section */
		500C0E101E325B5700FCF079 /* Project object */ = {
			isa = PBXProject;
			attributes = {
				LastSwiftUpdateCheck = 0810;
				LastUpgradeCheck = 0810;
				ORGANIZATIONNAME = Techkids;
				TargetAttributes = {
					500C0E171E325B5700FCF079 = {
						CreatedOnToolsVersion = 8.1;
						DevelopmentTeam = 3C7VUZNULA;
						ProvisioningStyle = Automatic;
					};
				};
			};
			buildConfigurationList = 500C0E131E325B5700FCF079 /* Build configuration list for PBXProject "Wave Runner" */;
			compatibilityVersion = "Xcode 3.2";
			developmentRegion = English;
			hasScannedForEncodings = 0;
			knownRegions = (
				en,
				Base,
			);
			mainGroup = 500C0E0F1E325B5700FCF079;
			productRefGroup = 500C0E191E325B5800FCF079 /* Products */;
			projectDirPath = "";
			projectRoot = "";
			targets = (
				500C0E171E325B5700FCF079 /* Wave Runner */,
			);
		};
/* End PBXProject section */

/* Begin PBXResourcesBuildPhase section */
		500C0E161E325B5700FCF079 /* Resources */ = {
			isa = PBXResourcesBuildPhase;
			buildActionMask = 2147483647;
			files = (
				5075C6B91E33E33600B5B3B5 /* ShieldEmitter.sks in Resources */,
				500C0E1E1E325B5800FCF079 /* GameScene.sks in Resources */,
				500C0E291E325B5800FCF079 /* Assets.xcassets in Resources */,
				18B12BED1E33A84A007721FB /* enemy_explosion.sks in Resources */,
				18B12BF51E33CAEF007721FB /* missle_explosion.sks in Resources */,
				18C03EB21E341F36007944BE /* light.json in Resources */,
				504B96721E33B6F1000110C2 /* gameover.ttf in Resources */,
				18C03EB01E34059D007944BE /* player_scream.mp3 in Resources */,
				500C0E2C1E325B5800FCF079 /* LaunchScreen.storyboard in Resources */,
				5066E87C1E32CF5F009771B6 /* background.mp3 in Resources */,
				18B12BFD1E340119007721FB /* explosion.mp3 in Resources */,
				E13AC25B1E34324A0081687D /* Main.storyboard in Resources */,
				5066E8A01E32E06E009771B6 /* Gestures.json in Resources */,
				5075C6BC1E34071D00B5B3B5 /* GameOverScene.sks in Resources */,
				18C03EB61E342BA2007944BE /* powerup.wav in Resources */,
				18B12BF31E33CACF007721FB /* missle_trail.sks in Resources */,
				18C03EB81E342C9A007944BE /* gravity_pull.wav in Resources */,
				5075C6C41E3412F100B5B3B5 /* sonic_sound.wav in Resources */,
				5066E87A1E32CF5F009771B6 /* stage1.json in Resources */,
				5075C6C01E340E0100B5B3B5 /* VictoryScene.sks in Resources */,
				18B12BFB1E33FE2C007721FB /* lazer.mp3 in Resources */,
				5075C6B31E33D37E00B5B3B5 /* GravityEmmiter.sks in Resources */,
			);
			runOnlyForDeploymentPostprocessing = 0;
		};
/* End PBXResourcesBuildPhase section */

/* Begin PBXShellScriptBuildPhase section */
		B5127ABB830A06531DE0BEE4 /* [CP] Check Pods Manifest.lock */ = {
			isa = PBXShellScriptBuildPhase;
			buildActionMask = 2147483647;
			files = (
			);
			inputPaths = (
			);
			name = "[CP] Check Pods Manifest.lock";
			outputPaths = (
			);
			runOnlyForDeploymentPostprocessing = 0;
			shellPath = /bin/sh;
			shellScript = "diff \"${PODS_ROOT}/../Podfile.lock\" \"${PODS_ROOT}/Manifest.lock\" > /dev/null\nif [ $? != 0 ] ; then\n    # print error to STDERR\n    echo \"error: The sandbox is not in sync with the Podfile.lock. Run 'pod install' or update your CocoaPods installation.\" >&2\n    exit 1\nfi\n";
			showEnvVarsInLog = 0;
		};
		CE07E8771FC07462A69EFE0A /* [CP] Copy Pods Resources */ = {
			isa = PBXShellScriptBuildPhase;
			buildActionMask = 2147483647;
			files = (
			);
			inputPaths = (
			);
			name = "[CP] Copy Pods Resources";
			outputPaths = (
			);
			runOnlyForDeploymentPostprocessing = 0;
			shellPath = /bin/sh;
			shellScript = "\"${SRCROOT}/Pods/Target Support Files/Pods-Wave Runner/Pods-Wave Runner-resources.sh\"\n";
			showEnvVarsInLog = 0;
		};
		D539E6BB91FEAEE9F1C0AEAC /* [CP] Embed Pods Frameworks */ = {
			isa = PBXShellScriptBuildPhase;
			buildActionMask = 2147483647;
			files = (
			);
			inputPaths = (
			);
			name = "[CP] Embed Pods Frameworks";
			outputPaths = (
			);
			runOnlyForDeploymentPostprocessing = 0;
			shellPath = /bin/sh;
			shellScript = "\"${SRCROOT}/Pods/Target Support Files/Pods-Wave Runner/Pods-Wave Runner-frameworks.sh\"\n";
			showEnvVarsInLog = 0;
		};
/* End PBXShellScriptBuildPhase section */

/* Begin PBXSourcesBuildPhase section */
		500C0E141E325B5700FCF079 /* Sources */ = {
			isa = PBXSourcesBuildPhase;
			buildActionMask = 2147483647;
			files = (
				18C03EB41E341FA1007944BE /* LightController.swift in Sources */,
				504B96701E33A218000110C2 /* LabelsController.swift in Sources */,
				500C0E5E1E326BBE00FCF079 /* GifUIImageView.swift in Sources */,
				500C0E501E326BBD00FCF079 /* CGFloat.swift in Sources */,
				5075C6C21E340E0C00B5B3B5 /* VictoryScene.swift in Sources */,
				500C0E521E326BBD00FCF079 /* CGRect.swift in Sources */,
				18B12BF01E33AADE007721FB /* ExplosionController.swift in Sources */,
				E13AC2631E34326B0081687D /* IntroPageViewController.swift in Sources */,
				504B96651E3384AF000110C2 /* BackgroundController.swift in Sources */,
				500C0E221E325B5800FCF079 /* GameScene.swift in Sources */,
				504B966C1E338A3C000110C2 /* SonicSkill.swift in Sources */,
				500C0E591E326BBE00FCF079 /* SKTextureAtlas.swift in Sources */,
				500C0E581E326BBE00FCF079 /* SKSpriteNode.swift in Sources */,
				504B96661E3384AF000110C2 /* BackgroundSoundController.swift in Sources */,
				500C0E631E326BBE00FCF079 /* UIImageView.swift in Sources */,
				500C0E641E326BBE00FCF079 /* UIView.swift in Sources */,
				500C0E621E326BBE00FCF079 /* UIImage.swift in Sources */,
				E13AC2611E34326B0081687D /* DetailViewController.swift in Sources */,
				500C0E531E326BBD00FCF079 /* CGSize.swift in Sources */,
				500C0E611E326BBE00FCF079 /* UIColorExtension.swift in Sources */,
				5066E8791E32CF5F009771B6 /* WaveController.swift in Sources */,
				504B966A1E3384AF000110C2 /* SingleController.swift in Sources */,
				500C0E551E326BBD00FCF079 /* GKGraphNode2D.swift in Sources */,
				5075C6BE1E34073600B5B3B5 /* GameOverScene.swift in Sources */,
				5075C6B61E33DD7E00B5B3B5 /* ShieldSkill.swift in Sources */,
				1825954A1E33660800481B37 /* EnemyMissleController.swift in Sources */,
				500C0E601E326BBE00FCF079 /* UIColor.swift in Sources */,
				504B965D1E33848B000110C2 /* PlayerController.swift in Sources */,
				5066E8731E32CF5F009771B6 /* EnemyControllerGenerator.swift in Sources */,
				500C0E5A1E326BBE00FCF079 /* Configuration.swift in Sources */,
				504B96691E3384AF000110C2 /* PlatformController.swift in Sources */,
				500C0E571E326BBE00FCF079 /* SKNode.swift in Sources */,
				5066E8741E32CF5F009771B6 /* EnemyControllerManager.swift in Sources */,
				500C0E5D1E326BBE00FCF079 /* Visualizer.swift in Sources */,
				500C0E5C1E326BBE00FCF079 /* UIWindow+Swizzle.swift in Sources */,
				E13AC2641E34326B0081687D /* TransitionAnimation.swift in Sources */,
				500C0E241E325B5800FCF079 /* GameViewController.swift in Sources */,
				500C0E5B1E326BBE00FCF079 /* TouchView.swift in Sources */,
				500C0E511E326BBD00FCF079 /* CGPoint.swift in Sources */,
				500C0E541E326BBD00FCF079 /* CGVector.swift in Sources */,
				504B965C1E33848B000110C2 /* LaserSkill.swift in Sources */,
				18B12BF71E33DD80007721FB /* SonicWallController.swift in Sources */,
				500C0E1C1E325B5800FCF079 /* AppDelegate.swift in Sources */,
				5066E87E1E32CF75009771B6 /* View.swift in Sources */,
				504B966E1E338B46000110C2 /* GravitySkill.swift in Sources */,
				E13AC2621E34326B0081687D /* HelpViewController.swift in Sources */,
				504B96671E3384AF000110C2 /* Controller.swift in Sources */,
				500C0E5F1E326BBE00FCF079 /* UIButton.swift in Sources */,
				5066E8721E32CF5F009771B6 /* EnemyController.swift in Sources */,
				5066E86F1E32CF5F009771B6 /* Constants.swift in Sources */,
			);
			runOnlyForDeploymentPostprocessing = 0;
		};
/* End PBXSourcesBuildPhase section */

/* Begin PBXVariantGroup section */
		500C0E2A1E325B5800FCF079 /* LaunchScreen.storyboard */ = {
			isa = PBXVariantGroup;
			children = (
				500C0E2B1E325B5800FCF079 /* Base */,
			);
			name = LaunchScreen.storyboard;
			sourceTree = "<group>";
		};
/* End PBXVariantGroup section */

/* Begin XCBuildConfiguration section */
		500C0E2E1E325B5800FCF079 /* Debug */ = {
			isa = XCBuildConfiguration;
			buildSettings = {
				ALWAYS_SEARCH_USER_PATHS = NO;
				CLANG_ANALYZER_NONNULL = YES;
				CLANG_CXX_LANGUAGE_STANDARD = "gnu++0x";
				CLANG_CXX_LIBRARY = "libc++";
				CLANG_ENABLE_MODULES = YES;
				CLANG_ENABLE_OBJC_ARC = YES;
				CLANG_WARN_BOOL_CONVERSION = YES;
				CLANG_WARN_CONSTANT_CONVERSION = YES;
				CLANG_WARN_DIRECT_OBJC_ISA_USAGE = YES_ERROR;
				CLANG_WARN_DOCUMENTATION_COMMENTS = YES;
				CLANG_WARN_EMPTY_BODY = YES;
				CLANG_WARN_ENUM_CONVERSION = YES;
				CLANG_WARN_INFINITE_RECURSION = YES;
				CLANG_WARN_INT_CONVERSION = YES;
				CLANG_WARN_OBJC_ROOT_CLASS = YES_ERROR;
				CLANG_WARN_SUSPICIOUS_MOVES = YES;
				CLANG_WARN_UNREACHABLE_CODE = YES;
				CLANG_WARN__DUPLICATE_METHOD_MATCH = YES;
				"CODE_SIGN_IDENTITY[sdk=iphoneos*]" = "iPhone Developer";
				COPY_PHASE_STRIP = NO;
				DEBUG_INFORMATION_FORMAT = dwarf;
				ENABLE_STRICT_OBJC_MSGSEND = YES;
				ENABLE_TESTABILITY = YES;
				GCC_C_LANGUAGE_STANDARD = gnu99;
				GCC_DYNAMIC_NO_PIC = NO;
				GCC_NO_COMMON_BLOCKS = YES;
				GCC_OPTIMIZATION_LEVEL = 0;
				GCC_PREPROCESSOR_DEFINITIONS = (
					"DEBUG=1",
					"$(inherited)",
				);
				GCC_WARN_64_TO_32_BIT_CONVERSION = YES;
				GCC_WARN_ABOUT_RETURN_TYPE = YES_ERROR;
				GCC_WARN_UNDECLARED_SELECTOR = YES;
				GCC_WARN_UNINITIALIZED_AUTOS = YES_AGGRESSIVE;
				GCC_WARN_UNUSED_FUNCTION = YES;
				GCC_WARN_UNUSED_VARIABLE = YES;
				IPHONEOS_DEPLOYMENT_TARGET = 10.1;
				MTL_ENABLE_DEBUG_INFO = YES;
				ONLY_ACTIVE_ARCH = YES;
				SDKROOT = iphoneos;
				SWIFT_ACTIVE_COMPILATION_CONDITIONS = DEBUG;
				SWIFT_OPTIMIZATION_LEVEL = "-Onone";
				TARGETED_DEVICE_FAMILY = "1,2";
			};
			name = Debug;
		};
		500C0E2F1E325B5800FCF079 /* Release */ = {
			isa = XCBuildConfiguration;
			buildSettings = {
				ALWAYS_SEARCH_USER_PATHS = NO;
				CLANG_ANALYZER_NONNULL = YES;
				CLANG_CXX_LANGUAGE_STANDARD = "gnu++0x";
				CLANG_CXX_LIBRARY = "libc++";
				CLANG_ENABLE_MODULES = YES;
				CLANG_ENABLE_OBJC_ARC = YES;
				CLANG_WARN_BOOL_CONVERSION = YES;
				CLANG_WARN_CONSTANT_CONVERSION = YES;
				CLANG_WARN_DIRECT_OBJC_ISA_USAGE = YES_ERROR;
				CLANG_WARN_DOCUMENTATION_COMMENTS = YES;
				CLANG_WARN_EMPTY_BODY = YES;
				CLANG_WARN_ENUM_CONVERSION = YES;
				CLANG_WARN_INFINITE_RECURSION = YES;
				CLANG_WARN_INT_CONVERSION = YES;
				CLANG_WARN_OBJC_ROOT_CLASS = YES_ERROR;
				CLANG_WARN_SUSPICIOUS_MOVES = YES;
				CLANG_WARN_UNREACHABLE_CODE = YES;
				CLANG_WARN__DUPLICATE_METHOD_MATCH = YES;
				"CODE_SIGN_IDENTITY[sdk=iphoneos*]" = "iPhone Developer";
				COPY_PHASE_STRIP = NO;
				DEBUG_INFORMATION_FORMAT = "dwarf-with-dsym";
				ENABLE_NS_ASSERTIONS = NO;
				ENABLE_STRICT_OBJC_MSGSEND = YES;
				GCC_C_LANGUAGE_STANDARD = gnu99;
				GCC_NO_COMMON_BLOCKS = YES;
				GCC_WARN_64_TO_32_BIT_CONVERSION = YES;
				GCC_WARN_ABOUT_RETURN_TYPE = YES_ERROR;
				GCC_WARN_UNDECLARED_SELECTOR = YES;
				GCC_WARN_UNINITIALIZED_AUTOS = YES_AGGRESSIVE;
				GCC_WARN_UNUSED_FUNCTION = YES;
				GCC_WARN_UNUSED_VARIABLE = YES;
				IPHONEOS_DEPLOYMENT_TARGET = 10.1;
				MTL_ENABLE_DEBUG_INFO = NO;
				SDKROOT = iphoneos;
				SWIFT_OPTIMIZATION_LEVEL = "-Owholemodule";
				TARGETED_DEVICE_FAMILY = "1,2";
				VALIDATE_PRODUCT = YES;
			};
			name = Release;
		};
		500C0E311E325B5800FCF079 /* Debug */ = {
			isa = XCBuildConfiguration;
			baseConfigurationReference = A262C3DE2D62DC763A39A564 /* Pods-Wave Runner.debug.xcconfig */;
			buildSettings = {
				ASSETCATALOG_COMPILER_APPICON_NAME = AppIcon;
				"CODE_SIGN_IDENTITY[sdk=iphoneos*]" = "iPhone Developer";
				DEVELOPMENT_TEAM = 3C7VUZNULA;
				INFOPLIST_FILE = "Wave Runner/Info.plist";
				IPHONEOS_DEPLOYMENT_TARGET = 9.0;
				LD_RUNPATH_SEARCH_PATHS = "$(inherited) @executable_path/Frameworks";
				PRODUCT_BUNDLE_IDENTIFIER = "vn.techkids.Wave-Runner";
				PRODUCT_NAME = "$(TARGET_NAME)";
				SWIFT_VERSION = 3.0;
			};
			name = Debug;
		};
		500C0E321E325B5800FCF079 /* Release */ = {
			isa = XCBuildConfiguration;
			baseConfigurationReference = 972D3FC7CC34502E45407B4F /* Pods-Wave Runner.release.xcconfig */;
			buildSettings = {
				ASSETCATALOG_COMPILER_APPICON_NAME = AppIcon;
				"CODE_SIGN_IDENTITY[sdk=iphoneos*]" = "iPhone Developer";
				DEVELOPMENT_TEAM = 3C7VUZNULA;
				INFOPLIST_FILE = "Wave Runner/Info.plist";
				IPHONEOS_DEPLOYMENT_TARGET = 9.0;
				LD_RUNPATH_SEARCH_PATHS = "$(inherited) @executable_path/Frameworks";
				PRODUCT_BUNDLE_IDENTIFIER = "vn.techkids.Wave-Runner";
				PRODUCT_NAME = "$(TARGET_NAME)";
				SWIFT_VERSION = 3.0;
			};
			name = Release;
		};
/* End XCBuildConfiguration section */

/* Begin XCConfigurationList section */
		500C0E131E325B5700FCF079 /* Build configuration list for PBXProject "Wave Runner" */ = {
			isa = XCConfigurationList;
			buildConfigurations = (
				500C0E2E1E325B5800FCF079 /* Debug */,
				500C0E2F1E325B5800FCF079 /* Release */,
			);
			defaultConfigurationIsVisible = 0;
			defaultConfigurationName = Release;
		};
		500C0E301E325B5800FCF079 /* Build configuration list for PBXNativeTarget "Wave Runner" */ = {
			isa = XCConfigurationList;
			buildConfigurations = (
				500C0E311E325B5800FCF079 /* Debug */,
				500C0E321E325B5800FCF079 /* Release */,
			);
			defaultConfigurationIsVisible = 0;
			defaultConfigurationName = Release;
		};
/* End XCConfigurationList section */
	};
	rootObject = 500C0E101E325B5700FCF079 /* Project object */;
}
